// !$*UTF8*$!
{
	archiveVersion = 1;
	classes = {
	};
	objectVersion = 46;
	objects = {

/* Begin PBXBuildFile section */
		04EB633A1F0BB74C00BDB641 /* AppDelegate.swift in Sources */ = {isa = PBXBuildFile; fileRef = 04EB63391F0BB74C00BDB641 /* AppDelegate.swift */; };
		04EB633C1F0BB74C00BDB641 /* DetailViewController.swift in Sources */ = {isa = PBXBuildFile; fileRef = 04EB633B1F0BB74C00BDB641 /* DetailViewController.swift */; };
		04EB633F1F0BB74C00BDB641 /* Main.storyboard in Resources */ = {isa = PBXBuildFile; fileRef = 04EB633D1F0BB74C00BDB641 /* Main.storyboard */; };
		04EB63411F0BB74C00BDB641 /* Assets.xcassets in Resources */ = {isa = PBXBuildFile; fileRef = 04EB63401F0BB74C00BDB641 /* Assets.xcassets */; };
		04EB63441F0BB74C00BDB641 /* LaunchScreen.storyboard in Resources */ = {isa = PBXBuildFile; fileRef = 04EB63421F0BB74C00BDB641 /* LaunchScreen.storyboard */; };
		04EB634C1F0BB7E800BDB641 /* TableViewController.swift in Sources */ = {isa = PBXBuildFile; fileRef = 04EB634B1F0BB7E800BDB641 /* TableViewController.swift */; };
		04EB634E1F0BBA2600BDB641 /* TableViewCell.swift in Sources */ = {isa = PBXBuildFile; fileRef = 04EB634D1F0BBA2600BDB641 /* TableViewCell.swift */; };
		04EB63501F0BBAE900BDB641 /* Model.swift in Sources */ = {isa = PBXBuildFile; fileRef = 04EB634F1F0BBAE900BDB641 /* Model.swift */; };
/* End PBXBuildFile section */

/* Begin PBXFileReference section */
		04EB63361F0BB74C00BDB641 /* SearchBar_in_TableView.app */ = {isa = PBXFileReference; explicitFileType = wrapper.application; includeInIndex = 0; path = SearchBar_in_TableView.app; sourceTree = BUILT_PRODUCTS_DIR; };
		04EB63391F0BB74C00BDB641 /* AppDelegate.swift */ = {isa = PBXFileReference; lastKnownFileType = sourcecode.swift; path = AppDelegate.swift; sourceTree = "<group>"; };
		04EB633B1F0BB74C00BDB641 /* DetailViewController.swift */ = {isa = PBXFileReference; lastKnownFileType = sourcecode.swift; path = DetailViewController.swift; sourceTree = "<group>"; };
		04EB633E1F0BB74C00BDB641 /* Base */ = {isa = PBXFileReference; lastKnownFileType = file.storyboard; name = Base; path = Base.lproj/Main.storyboard; sourceTree = "<group>"; };
		04EB63401F0BB74C00BDB641 /* Assets.xcassets */ = {isa = PBXFileReference; lastKnownFileType = folder.assetcatalog; path = Assets.xcassets; sourceTree = "<group>"; };
		04EB63431F0BB74C00BDB641 /* Base */ = {isa = PBXFileReference; lastKnownFileType = file.storyboard; name = Base; path = Base.lproj/LaunchScreen.storyboard; sourceTree = "<group>"; };
		04EB63451F0BB74C00BDB641 /* Info.plist */ = {isa = PBXFileReference; lastKnownFileType = text.plist.xml; path = Info.plist; sourceTree = "<group>"; };
		04EB634B1F0BB7E800BDB641 /* TableViewController.swift */ = {isa = PBXFileReference; fileEncoding = 4; lastKnownFileType = sourcecode.swift; path = TableViewController.swift; sourceTree = "<group>"; };
		04EB634D1F0BBA2600BDB641 /* TableViewCell.swift */ = {isa = PBXFileReference; fileEncoding = 4; lastKnownFileType = sourcecode.swift; path = TableViewCell.swift; sourceTree = "<group>"; };
		04EB634F1F0BBAE900BDB641 /* Model.swift */ = {isa = PBXFileReference; fileEncoding = 4; lastKnownFileType = sourcecode.swift; path = Model.swift; sourceTree = "<group>"; };
/* End PBXFileReference section */

/* Begin PBXFrameworksBuildPhase section */
		04EB63331F0BB74C00BDB641 /* Frameworks */ = {
			isa = PBXFrameworksBuildPhase;
			buildActionMask = 2147483647;
			files = (
			);
			runOnlyForDeploymentPostprocessing = 0;
		};
/* End PBXFrameworksBuildPhase section */

/* Begin PBXGroup section */
		04EB632D1F0BB74C00BDB641 = {
			isa = PBXGroup;
			children = (
				04EB63381F0BB74C00BDB641 /* SearchBar_in_TableView */,
				04EB63371F0BB74C00BDB641 /* Products */,
			);
			sourceTree = "<group>";
		};
		04EB63371F0BB74C00BDB641 /* Products */ = {
			isa = PBXGroup;
			children = (
				04EB63361F0BB74C00BDB641 /* SearchBar_in_TableView.app */,
			);
			name = Products;
			sourceTree = "<group>";
		};
		04EB63381F0BB74C00BDB641 /* SearchBar_in_TableView */ = {
			isa = PBXGroup;
			children = (
				04EB63391F0BB74C00BDB641 /* AppDelegate.swift */,
				04EB633D1F0BB74C00BDB641 /* Main.storyboard */,
				04EB634D1F0BBA2600BDB641 /* TableViewCell.swift */,
				04EB634B1F0BB7E800BDB641 /* TableViewController.swift */,
				04EB633B1F0BB74C00BDB641 /* DetailViewController.swift */,
				04EB634F1F0BBAE900BDB641 /* Model.swift */,
				04EB63401F0BB74C00BDB641 /* Assets.xcassets */,
				04EB63421F0BB74C00BDB641 /* LaunchScreen.storyboard */,
				04EB63451F0BB74C00BDB641 /* Info.plist */,
			);
			path = SearchBar_in_TableView;
			sourceTree = "<group>";
		};
/* End PBXGroup section */

/* Begin PBXNativeTarget section */
		04EB63351F0BB74C00BDB641 /* SearchBar_in_TableView */ = {
			isa = PBXNativeTarget;
			buildConfigurationList = 04EB63481F0BB74C00BDB641 /* Build configuration list for PBXNativeTarget "SearchBar_in_TableView" */;
			buildPhases = (
				04EB63321F0BB74C00BDB641 /* Sources */,
				04EB63331F0BB74C00BDB641 /* Frameworks */,
				04EB63341F0BB74C00BDB641 /* Resources */,
			);
			buildRules = (
			);
			dependencies = (
			);
			name = SearchBar_in_TableView;
			productName = SearchBar_in_TableView;
			productReference = 04EB63361F0BB74C00BDB641 /* SearchBar_in_TableView.app */;
			productType = "com.apple.product-type.application";
		};
/* End PBXNativeTarget section */

/* Begin PBXProject section */
		04EB632E1F0BB74C00BDB641 /* Project object */ = {
			isa = PBXProject;
			attributes = {
				LastSwiftUpdateCheck = 0820;
				LastUpgradeCheck = 0820;
				ORGANIZATIONNAME = mac;
				TargetAttributes = {
					04EB63351F0BB74C00BDB641 = {
						CreatedOnToolsVersion = 8.2;
						ProvisioningStyle = Automatic;
					};
				};
			};
			buildConfigurationList = 04EB63311F0BB74C00BDB641 /* Build configuration list for PBXProject "SearchBar_in_TableView" */;
			compatibilityVersion = "Xcode 3.2";
			developmentRegion = English;
			hasScannedForEncodings = 0;
			knownRegions = (
				en,
				Base,
			);
			mainGroup = 04EB632D1F0BB74C00BDB641;
			productRefGroup = 04EB63371F0BB74C00BDB641 /* Products */;
			projectDirPath = "";
			projectRoot = "";
			targets = (
				04EB63351F0BB74C00BDB641 /* SearchBar_in_TableView */,
			);
		};
/* End PBXProject section */

/* Begin PBXResourcesBuildPhase section */
		04EB63341F0BB74C00BDB641 /* Resources */ = {
			isa = PBXResourcesBuildPhase;
			buildActionMask = 2147483647;
			files = (
				04EB63441F0BB74C00BDB641 /* LaunchScreen.storyboard in Resources */,
				04EB63411F0BB74C00BDB641 /* Assets.xcassets in Resources */,
				04EB633F1F0BB74C00BDB641 /* Main.storyboard in Resources */,
			);
			runOnlyForDeploymentPostprocessing = 0;
		};
/* End PBXResourcesBuildPhase section */

/* Begin PBXSourcesBuildPhase section */
		04EB63321F0BB74C00BDB641 /* Sources */ = {
			isa = PBXSourcesBuildPhase;
			buildActionMask = 2147483647;
			files = (
				04EB63501F0BBAE900BDB641 /* Model.swift in Sources */,
				04EB633C1F0BB74C00BDB641 /* DetailViewController.swift in Sources */,
				04EB634E1F0BBA2600BDB641 /* TableViewCell.swift in Sources */,
				04EB634C1F0BB7E800BDB641 /* TableViewController.swift in Sources */,
				04EB633A1F0BB74C00BDB641 /* AppDelegate.swift in Sources */,
			);
			runOnlyForDeploymentPostprocessing = 0;
		};
/* End PBXSourcesBuildPhase section */

/* Begin PBXVariantGroup section */
		04EB633D1F0BB74C00BDB641 /* Main.storyboard */ = {
			isa = PBXVariantGroup;
			children = (
				04EB633E1F0BB74C00BDB641 /* Base */,
			);
			name = Main.storyboard;
			sourceTree = "<group>";
		};
		04EB63421F0BB74C00BDB641 /* LaunchScreen.storyboard */ = {
			isa = PBXVariantGroup;
			children = (
				04EB63431F0BB74C00BDB641 /* Base */,
			);
			name = LaunchScreen.storyboard;
			sourceTree = "<group>";
		};
/* End PBXVariantGroup section */

/* Begin XCBuildConfiguration section */
		04EB63461F0BB74C00BDB641 /* Debug */ = {
			isa = XCBuildConfiguration;
			buildSettings = {
				ALWAYS_SEARCH_USER_PATHS = NO;
				CLANG_ANALYZER_NONNULL = YES;
				CLANG_CXX_LANGUAGE_STANDARD = "gnu++0x";
				CLANG_CXX_LIBRARY = "libc++";
				CLANG_ENABLE_MODULES = YES;
				CLANG_ENABLE_OBJC_ARC = YES;
				CLANG_WARN_BOOL_CONVERSION = YES;
				CLANG_WARN_CONSTANT_CONVERSION = YES;
				CLANG_WARN_DIRECT_OBJC_ISA_USAGE = YES_ERROR;
				CLANG_WARN_DOCUMENTATION_COMMENTS = YES;
				CLANG_WARN_EMPTY_BODY = YES;
				CLANG_WARN_ENUM_CONVERSION = YES;
				CLANG_WARN_INFINITE_RECURSION = YES;
				CLANG_WARN_INT_CONVERSION = YES;
				CLANG_WARN_OBJC_ROOT_CLASS = YES_ERROR;
				CLANG_WARN_SUSPICIOUS_MOVE = YES;
				CLANG_WARN_UNREACHABLE_CODE = YES;
				CLANG_WARN__DUPLICATE_METHOD_MATCH = YES;
				"CODE_SIGN_IDENTITY[sdk=iphoneos*]" = "iPhone Developer";
				COPY_PHASE_STRIP = NO;
				DEBUG_INFORMATION_FORMAT = dwarf;
				ENABLE_STRICT_OBJC_MSGSEND = YES;
				ENABLE_TESTABILITY = YES;
				GCC_C_LANGUAGE_STANDARD = gnu99;
				GCC_DYNAMIC_NO_PIC = NO;
				GCC_NO_COMMON_BLOCKS = YES;
				GCC_OPTIMIZATION_LEVEL = 0;
				GCC_PREPROCESSOR_DEFINITIONS = (
					"DEBUG=1",
					"$(inherited)",
				);
				GCC_WARN_64_TO_32_BIT_CONVERSION = YES;
				GCC_WARN_ABOUT_RETURN_TYPE = YES_ERROR;
				GCC_WARN_UNDECLARED_SELECTOR = YES;
				GCC_WARN_UNINITIALIZED_AUTOS = YES_AGGRESSIVE;
				GCC_WARN_UNUSED_FUNCTION = YES;
				GCC_WARN_UNUSED_VARIABLE = YES;
				IPHONEOS_DEPLOYMENT_TARGET = 10.2;
				MTL_ENABLE_DEBUG_INFO = YES;
				ONLY_ACTIVE_ARCH = YES;
				SDKROOT = iphoneos;
				SWIFT_ACTIVE_COMPILATION_CONDITIONS = DEBUG;
				SWIFT_OPTIMIZATION_LEVEL = "-Onone";
			};
			name = Debug;
		};
		04EB63471F0BB74C00BDB641 /* Release */ = {
			isa = XCBuildConfiguration;
			buildSettings = {
				ALWAYS_SEARCH_USER_PATHS = NO;
				CLANG_ANALYZER_NONNULL = YES;
				CLANG_CXX_LANGUAGE_STANDARD = "gnu++0x";
				CLANG_CXX_LIBRARY = "libc++";
				CLANG_ENABLE_MODULES = YES;
				CLANG_ENABLE_OBJC_ARC = YES;
				CLANG_WARN_BOOL_CONVERSION = YES;
				CLANG_WARN_CONSTANT_CONVERSION = YES;
				CLANG_WARN_DIRECT_OBJC_ISA_USAGE = YES_ERROR;
				CLANG_WARN_DOCUMENTATION_COMMENTS = YES;
				CLANG_WARN_EMPTY_BODY = YES;
				CLANG_WARN_ENUM_CONVERSION = YES;
				CLANG_WARN_INFINITE_RECURSION = YES;
				CLANG_WARN_INT_CONVERSION = YES;
				CLANG_WARN_OBJC_ROOT_CLASS = YES_ERROR;
				CLANG_WARN_SUSPICIOUS_MOVE = YES;
				CLANG_WARN_UNREACHABLE_CODE = YES;
				CLANG_WARN__DUPLICATE_METHOD_MATCH = YES;
				"CODE_SIGN_IDENTITY[sdk=iphoneos*]" = "iPhone Developer";
				COPY_PHASE_STRIP = NO;
				DEBUG_INFORMATION_FORMAT = "dwarf-with-dsym";
				ENABLE_NS_ASSERTIONS = NO;
				ENABLE_STRICT_OBJC_MSGSEND = YES;
				GCC_C_LANGUAGE_STANDARD = gnu99;
				GCC_NO_COMMON_BLOCKS = YES;
				GCC_WARN_64_TO_32_BIT_CONVERSION = YES;
				GCC_WARN_ABOUT_RETURN_TYPE = YES_ERROR;
				GCC_WARN_UNDECLARED_SELECTOR = YES;
				GCC_WARN_UNINITIALIZED_AUTOS = YES_AGGRESSIVE;
				GCC_WARN_UNUSED_FUNCTION = YES;
				GCC_WARN_UNUSED_VARIABLE = YES;
				IPHONEOS_DEPLOYMENT_TARGET = 10.2;
				MTL_ENABLE_DEBUG_INFO = NO;
				SDKROOT = iphoneos;
				SWIFT_OPTIMIZATION_LEVEL = "-Owholemodule";
				VALIDATE_PRODUCT = YES;
			};
			name = Release;
		};
		04EB63491F0BB74C00BDB641 /* Debug */ = {
			isa = XCBuildConfiguration;
			buildSettings = {
				ASSETCATALOG_COMPILER_APPICON_NAME = AppIcon;
				INFOPLIST_FILE = SearchBar_in_TableView/Info.plist;
				LD_RUNPATH_SEARCH_PATHS = "$(inherited) @executable_path/Frameworks";
				PRODUCT_BUNDLE_IDENTIFIER = "jf.SearchBar-in-TableView";
				PRODUCT_NAME = "$(TARGET_NAME)";
				SWIFT_VERSION = 3.0;
			};
			name = Debug;
		};
		04EB634A1F0BB74C00BDB641 /* Release */ = {
			isa = XCBuildConfiguration;
			buildSettings = {
				ASSETCATALOG_COMPILER_APPICON_NAME = AppIcon;
				INFOPLIST_FILE = SearchBar_in_TableView/Info.plist;
				LD_RUNPATH_SEARCH_PATHS = "$(inherited) @executable_path/Frameworks";
				PRODUCT_BUNDLE_IDENTIFIER = "jf.SearchBar-in-TableView";
				PRODUCT_NAME = "$(TARGET_NAME)";
				SWIFT_VERSION = 3.0;
			};
			name = Release;
		};
/* End XCBuildConfiguration section */

/* Begin XCConfigurationList section */
		04EB63311F0BB74C00BDB641 /* Build configuration list for PBXProject "SearchBar_in_TableView" */ = {
			isa = XCConfigurationList;
			buildConfigurations = (
				04EB63461F0BB74C00BDB641 /* Debug */,
				04EB63471F0BB74C00BDB641 /* Release */,
			);
			defaultConfigurationIsVisible = 0;
			defaultConfigurationName = Release;
		};
		04EB63481F0BB74C00BDB641 /* Build configuration list for PBXNativeTarget "SearchBar_in_TableView" */ = {
			isa = XCConfigurationList;
			buildConfigurations = (
				04EB63491F0BB74C00BDB641 /* Debug */,
				04EB634A1F0BB74C00BDB641 /* Release */,
			);
			defaultConfigurationIsVisible = 0;
		};
/* End XCConfigurationList section */
	};
	rootObject = 04EB632E1F0BB74C00BDB641 /* Project object */;
}
